
Microsoft Visual Studio Solution File, Format Version 12.00
# Visual Studio Version 17
VisualStudioVersion = 17.4.33122.133
MinimumVisualStudioVersion = 10.0.40219.1
Project("{2150E333-8FDC-42A3-9474-1A3956D46DE8}") = "FrontEnd", "FrontEnd", "{1545D40C-DB81-4238-BB0A-12A8FC4F991B}"
EndProject
Project("{9A19103F-16F7-4668-BE54-9A1E7A4F7556}") = "Mango.Web", "Mango.Web\Mango.Web.csproj", "{FB3BC118-6D15-49DA-B33C-711056584E5E}"
EndProject
Project("{2150E333-8FDC-42A3-9474-1A3956D46DE8}") = "Services", "Services", "{C5FF01E5-89DC-4F4E-802E-332E8ABD3D3E}"
EndProject
Project("{9A19103F-16F7-4668-BE54-9A1E7A4F7556}") = "Mango.Services.ProductAPI", "Mango.Services.ProductAPI\Mango.Services.ProductAPI.csproj", "{20C5676B-0083-4638-AC31-DA6DDB319F2A}"
EndProject
Project("{9A19103F-16F7-4668-BE54-9A1E7A4F7556}") = "Mango.Services.Identity", "Mango.Services.Identity\Mango.Services.Identity.csproj", "{24C8BB95-7659-4A89-8F79-0D305D342C1E}"
EndProject
Project("{9A19103F-16F7-4668-BE54-9A1E7A4F7556}") = "Mango.Services.ShoppingCartAPI", "Mango.Services.ShoppingCartAPI\Mango.Services.ShoppingCartAPI.csproj", "{3EAE006B-F2E9-4DF8-B06E-D01215F32628}"
EndProject
Project("{9A19103F-16F7-4668-BE54-9A1E7A4F7556}") = "Mango.Services.CouponAPI", "Mango.Services.CouponAPI\Mango.Services.CouponAPI.csproj", "{C9F9012B-318C-4831-AF6B-5C13C3B998C6}"
EndProject
Project("{2150E333-8FDC-42A3-9474-1A3956D46DE8}") = "Integration", "Integration", "{DF3D5100-A36D-467F-9DDF-0AEF4B47297F}"
EndProject
Project("{9A19103F-16F7-4668-BE54-9A1E7A4F7556}") = "Mango.MessageBus", "Mango.MessageBus\Mango.MessageBus.csproj", "{0F314C50-2BC8-4A79-8915-9C5D62F19754}"
EndProject
Project("{9A19103F-16F7-4668-BE54-9A1E7A4F7556}") = "Mango.Services.OrderAPI", "Mango.Services.OrderAPI\Mango.Services.OrderAPI.csproj", "{A5146C7C-8CEA-4014-BFB5-ECA6DABE5ACE}"
EndProject
Project("{2150E333-8FDC-42A3-9474-1A3956D46DE8}") = "Payments", "Payments", "{2F2385AA-6BBF-4747-B6CF-EA0BCD96E31B}"
EndProject
Project("{9A19103F-16F7-4668-BE54-9A1E7A4F7556}") = "PaymentProcessor", "PaymentProcessor\PaymentProcessor.csproj", "{51832B75-0215-4E74-8C86-6FF2C49249DD}"
EndProject
Project("{FAE04EC0-301F-11D3-BF4B-00C04F79EFBC}") = "Mango.Services.PaymentAPI", "Mango.Services.PaymentAPI\Mango.Services.PaymentAPI.csproj", "{4040B01B-5EE8-4D1F-9086-87C48D299948}"
EndProject
Project("{FAE04EC0-301F-11D3-BF4B-00C04F79EFBC}") = "Mango.Services.Email", "Mango.Services.Email\Mango.Services.Email.csproj", "{E13BCFD3-4E28-4A81-A407-8608035E0FF2}"
EndProject
Project("{2150E333-8FDC-42A3-9474-1A3956D46DE8}") = "Gateway", "Gateway", "{E3615A4D-48F5-4AC1-B99B-2FFEE59F32FA}"
EndProject
Project("{FAE04EC0-301F-11D3-BF4B-00C04F79EFBC}") = "Mango.GatewaySolution", "Mango.GatewaySolution\Mango.GatewaySolution.csproj", "{FA1E0283-B1F5-49B0-9EF9-88397D611AB5}"
EndProject
Global
	GlobalSection(SolutionConfigurationPlatforms) = preSolution
		Debug|Any CPU = Debug|Any CPU
		Release|Any CPU = Release|Any CPU
	EndGlobalSection
	GlobalSection(ProjectConfigurationPlatforms) = postSolution
		{FB3BC118-6D15-49DA-B33C-711056584E5E}.Debug|Any CPU.ActiveCfg = Debug|Any CPU
		{FB3BC118-6D15-49DA-B33C-711056584E5E}.Debug|Any CPU.Build.0 = Debug|Any CPU
		{FB3BC118-6D15-49DA-B33C-711056584E5E}.Release|Any CPU.ActiveCfg = Release|Any CPU
		{FB3BC118-6D15-49DA-B33C-711056584E5E}.Release|Any CPU.Build.0 = Release|Any CPU
		{20C5676B-0083-4638-AC31-DA6DDB319F2A}.Debug|Any CPU.ActiveCfg = Debug|Any CPU
		{20C5676B-0083-4638-AC31-DA6DDB319F2A}.Debug|Any CPU.Build.0 = Debug|Any CPU
		{20C5676B-0083-4638-AC31-DA6DDB319F2A}.Release|Any CPU.ActiveCfg = Release|Any CPU
		{20C5676B-0083-4638-AC31-DA6DDB319F2A}.Release|Any CPU.Build.0 = Release|Any CPU
		{24C8BB95-7659-4A89-8F79-0D305D342C1E}.Debug|Any CPU.ActiveCfg = Debug|Any CPU
		{24C8BB95-7659-4A89-8F79-0D305D342C1E}.Debug|Any CPU.Build.0 = Debug|Any CPU
		{24C8BB95-7659-4A89-8F79-0D305D342C1E}.Release|Any CPU.ActiveCfg = Release|Any CPU
		{24C8BB95-7659-4A89-8F79-0D305D342C1E}.Release|Any CPU.Build.0 = Release|Any CPU
		{3EAE006B-F2E9-4DF8-B06E-D01215F32628}.Debug|Any CPU.ActiveCfg = Debug|Any CPU
		{3EAE006B-F2E9-4DF8-B06E-D01215F32628}.Debug|Any CPU.Build.0 = Debug|Any CPU
		{3EAE006B-F2E9-4DF8-B06E-D01215F32628}.Release|Any CPU.ActiveCfg = Release|Any CPU
		{3EAE006B-F2E9-4DF8-B06E-D01215F32628}.Release|Any CPU.Build.0 = Release|Any CPU
		{C9F9012B-318C-4831-AF6B-5C13C3B998C6}.Debug|Any CPU.ActiveCfg = Debug|Any CPU
		{C9F9012B-318C-4831-AF6B-5C13C3B998C6}.Debug|Any CPU.Build.0 = Debug|Any CPU
		{C9F9012B-318C-4831-AF6B-5C13C3B998C6}.Release|Any CPU.ActiveCfg = Release|Any CPU
		{C9F9012B-318C-4831-AF6B-5C13C3B998C6}.Release|Any CPU.Build.0 = Release|Any CPU
		{0F314C50-2BC8-4A79-8915-9C5D62F19754}.Debug|Any CPU.ActiveCfg = Debug|Any CPU
		{0F314C50-2BC8-4A79-8915-9C5D62F19754}.Debug|Any CPU.Build.0 = Debug|Any CPU
		{0F314C50-2BC8-4A79-8915-9C5D62F19754}.Release|Any CPU.ActiveCfg = Release|Any CPU
		{0F314C50-2BC8-4A79-8915-9C5D62F19754}.Release|Any CPU.Build.0 = Release|Any CPU
		{A5146C7C-8CEA-4014-BFB5-ECA6DABE5ACE}.Debug|Any CPU.ActiveCfg = Debug|Any CPU
		{A5146C7C-8CEA-4014-BFB5-ECA6DABE5ACE}.Debug|Any CPU.Build.0 = Debug|Any CPU
		{A5146C7C-8CEA-4014-BFB5-ECA6DABE5ACE}.Release|Any CPU.ActiveCfg = Release|Any CPU
		{A5146C7C-8CEA-4014-BFB5-ECA6DABE5ACE}.Release|Any CPU.Build.0 = Release|Any CPU
		{51832B75-0215-4E74-8C86-6FF2C49249DD}.Debug|Any CPU.ActiveCfg = Debug|Any CPU
		{51832B75-0215-4E74-8C86-6FF2C49249DD}.Debug|Any CPU.Build.0 = Debug|Any CPU
		{51832B75-0215-4E74-8C86-6FF2C49249DD}.Release|Any CPU.ActiveCfg = Release|Any CPU
		{51832B75-0215-4E74-8C86-6FF2C49249DD}.Release|Any CPU.Build.0 = Release|Any CPU
		{4040B01B-5EE8-4D1F-9086-87C48D299948}.Debug|Any CPU.ActiveCfg = Debug|Any CPU
		{4040B01B-5EE8-4D1F-9086-87C48D299948}.Debug|Any CPU.Build.0 = Debug|Any CPU
		{4040B01B-5EE8-4D1F-9086-87C48D299948}.Release|Any CPU.ActiveCfg = Release|Any CPU
		{4040B01B-5EE8-4D1F-9086-87C48D299948}.Release|Any CPU.Build.0 = Release|Any CPU
		{E13BCFD3-4E28-4A81-A407-8608035E0FF2}.Debug|Any CPU.ActiveCfg = Debug|Any CPU
		{E13BCFD3-4E28-4A81-A407-8608035E0FF2}.Debug|Any CPU.Build.0 = Debug|Any CPU
		{E13BCFD3-4E28-4A81-A407-8608035E0FF2}.Release|Any CPU.ActiveCfg = Release|Any CPU
		{E13BCFD3-4E28-4A81-A407-8608035E0FF2}.Release|Any CPU.Build.0 = Release|Any CPU
		{FA1E0283-B1F5-49B0-9EF9-88397D611AB5}.Debug|Any CPU.ActiveCfg = Debug|Any CPU
		{FA1E0283-B1F5-49B0-9EF9-88397D611AB5}.Debug|Any CPU.Build.0 = Debug|Any CPU
		{FA1E0283-B1F5-49B0-9EF9-88397D611AB5}.Release|Any CPU.ActiveCfg = Release|Any CPU
		{FA1E0283-B1F5-49B0-9EF9-88397D611AB5}.Release|Any CPU.Build.0 = Release|Any CPU
	EndGlobalSection
	GlobalSection(SolutionProperties) = preSolution
		HideSolutionNode = FALSE
	EndGlobalSection
	GlobalSection(NestedProjects) = preSolution
		{FB3BC118-6D15-49DA-B33C-711056584E5E} = {1545D40C-DB81-4238-BB0A-12A8FC4F991B}
		{20C5676B-0083-4638-AC31-DA6DDB319F2A} = {C5FF01E5-89DC-4F4E-802E-332E8ABD3D3E}
		{24C8BB95-7659-4A89-8F79-0D305D342C1E} = {C5FF01E5-89DC-4F4E-802E-332E8ABD3D3E}
		{3EAE006B-F2E9-4DF8-B06E-D01215F32628} = {C5FF01E5-89DC-4F4E-802E-332E8ABD3D3E}
		{C9F9012B-318C-4831-AF6B-5C13C3B998C6} = {C5FF01E5-89DC-4F4E-802E-332E8ABD3D3E}
		{0F314C50-2BC8-4A79-8915-9C5D62F19754} = {DF3D5100-A36D-467F-9DDF-0AEF4B47297F}
		{A5146C7C-8CEA-4014-BFB5-ECA6DABE5ACE} = {C5FF01E5-89DC-4F4E-802E-332E8ABD3D3E}
		{51832B75-0215-4E74-8C86-6FF2C49249DD} = {2F2385AA-6BBF-4747-B6CF-EA0BCD96E31B}
		{4040B01B-5EE8-4D1F-9086-87C48D299948} = {C5FF01E5-89DC-4F4E-802E-332E8ABD3D3E}
		{E13BCFD3-4E28-4A81-A407-8608035E0FF2} = {C5FF01E5-89DC-4F4E-802E-332E8ABD3D3E}
		{FA1E0283-B1F5-49B0-9EF9-88397D611AB5} = {E3615A4D-48F5-4AC1-B99B-2FFEE59F32FA}
	EndGlobalSection
	GlobalSection(ExtensibilityGlobals) = postSolution
		SolutionGuid = {005A75E6-4CC5-4D78-9132-92FB5D4868DE}
	EndGlobalSection
EndGlobal
